
Microsoft Visual Studio Solution File, Format Version 12.00
# Visual Studio Version 17
VisualStudioVersion = 17.0.31903.59
MinimumVisualStudioVersion = 10.0.40219.1
Project("{FAE04EC0-301F-11D3-BF4B-00C04F79EFBC}") = "MobileAttest", "MobileAttest\MobileAttest.csproj", "{78A498F6-6454-4C74-A045-4BB74E56A907}"
EndProject
Project("{FAE04EC0-301F-11D3-BF4B-00C04F79EFBC}") = "MobileAttest.Tests", "MobileAttest.Tests\MobileAttest.Tests.csproj", "{34D7B00A-9F4C-4000-89D9-C10CD666604A}"
EndProject
Global
	GlobalSection(SolutionConfigurationPlatforms) = preSolution
		Debug|Any CPU = Debug|Any CPU
		Release|Any CPU = Release|Any CPU
	EndGlobalSection
	GlobalSection(SolutionProperties) = preSolution
		HideSolutionNode = FALSE
	EndGlobalSection
	GlobalSection(ProjectConfigurationPlatforms) = postSolution
		{78A498F6-6454-4C74-A045-4BB74E56A907}.Debug|Any CPU.ActiveCfg = Debug|Any CPU
		{78A498F6-6454-4C74-A045-4BB74E56A907}.Debug|Any CPU.Build.0 = Debug|Any CPU
		{78A498F6-6454-4C74-A045-4BB74E56A907}.Release|Any CPU.ActiveCfg = Release|Any CPU
		{78A498F6-6454-4C74-A045-4BB74E56A907}.Release|Any CPU.Build.0 = Release|Any CPU
		{34D7B00A-9F4C-4000-89D9-C10CD666604A}.Debug|Any CPU.ActiveCfg = Debug|Any CPU
		{34D7B00A-9F4C-4000-89D9-C10CD666604A}.Debug|Any CPU.Build.0 = Debug|Any CPU
		{34D7B00A-9F4C-4000-89D9-C10CD666604A}.Release|Any CPU.ActiveCfg = Release|Any CPU
		{34D7B00A-9F4C-4000-89D9-C10CD666604A}.Release|Any CPU.Build.0 = Release|Any CPU
	EndGlobalSection
EndGlobal
