{
  "version": 1,
  "dependencies": {
    "net8.0": {
      "BouncyCastle.Cryptography": {
        "type": "Direct",
        "requested": "[2.7.0, )",
        "resolved": "2.7.0",
        "contentHash": "U+12df8UEWHgBi04YVf/Lgi2dy3SItlIYvHjjEVa/BngCQIzDCDRBk50DDByCfDvSbe5pRNFr3b7UrVK2kMcLw=="
      },
      "System.Formats.Cbor": {
        "type": "Direct",
        "requested": "[10.0.11, )",
        "resolved": "10.0.11",
        "contentHash": "i6cQMkCkGavqCPqjoQIkxVgtbTG59FkWsJppVOQ4QoJ//MNoe/m/3M/BN1SxEmLHGxySM8LiUl5/ppKgOyTWBA=="
      }
    }
  }
}